// !$*UTF8*$!
{
	archiveVersion = 1;
	classes = {
	};
	objectVersion = 46;
	objects = {

/* Begin PBXBuildFile section */
		74DEE1FA1CABDAE4003D1073 /* main.m in Sources */ = {isa = PBXBuildFile; fileRef = 74DEE1F91CABDAE4003D1073 /* main.m */; };
		74DEE1FD1CABDAE4003D1073 /* AppDelegate.m in Sources */ = {isa = PBXBuildFile; fileRef = 74DEE1FC1CABDAE4003D1073 /* AppDelegate.m */; };
		74DEE2001CABDAE4003D1073 /* ViewController.m in Sources */ = {isa = PBXBuildFile; fileRef = 74DEE1FF1CABDAE4003D1073 /* ViewController.m */; };
		74DEE2051CABDAE4003D1073 /* Assets.xcassets in Resources */ = {isa = PBXBuildFile; fileRef = 74DEE2041CABDAE4003D1073 /* Assets.xcassets */; };
		74DEE2131CABDAE4003D1073 /* TSFrameTests.m in Sources */ = {isa = PBXBuildFile; fileRef = 74DEE2121CABDAE4003D1073 /* TSFrameTests.m */; };
		87622A305A644A7799D0E438 /* libPods-TSFrame.a in Frameworks */ = {isa = PBXBuildFile; fileRef = EE226983F891B239EA7A106C /* libPods-TSFrame.a */; };
		A679A2901CAC2388006251FF /* NSArray+TS.m in Sources */ = {isa = PBXBuildFile; fileRef = A679A2841CAC2388006251FF /* NSArray+TS.m */; };
		A679A2911CAC2388006251FF /* NSObject+TS.m in Sources */ = {isa = PBXBuildFile; fileRef = A679A2861CAC2388006251FF /* NSObject+TS.m */; };
		A679A2921CAC2388006251FF /* TSModel.m in Sources */ = {isa = PBXBuildFile; fileRef = A679A2881CAC2388006251FF /* TSModel.m */; };
		A679A2931CAC2388006251FF /* TSModelViewController.m in Sources */ = {isa = PBXBuildFile; fileRef = A679A28B1CAC2388006251FF /* TSModelViewController.m */; };
		A679A2941CAC2388006251FF /* TSTableViewController.m in Sources */ = {isa = PBXBuildFile; fileRef = A679A28D1CAC2388006251FF /* TSTableViewController.m */; };
		A679A2951CAC2388006251FF /* TSViewController.m in Sources */ = {isa = PBXBuildFile; fileRef = A679A28F1CAC2388006251FF /* TSViewController.m */; };
/* End PBXBuildFile section */

/* Begin PBXContainerItemProxy section */
		74DEE20F1CABDAE4003D1073 /* PBXContainerItemProxy */ = {
			isa = PBXContainerItemProxy;
			containerPortal = 74DEE1ED1CABDAE4003D1073 /* Project object */;
			proxyType = 1;
			remoteGlobalIDString = 74DEE1F41CABDAE4003D1073;
			remoteInfo = TSFrame;
		};
/* End PBXContainerItemProxy section */

/* Begin PBXFileReference section */
		74DEE1F51CABDAE4003D1073 /* TSFrame.app */ = {isa = PBXFileReference; explicitFileType = wrapper.application; includeInIndex = 0; path = TSFrame.app; sourceTree = BUILT_PRODUCTS_DIR; };
		74DEE1F91CABDAE4003D1073 /* main.m */ = {isa = PBXFileReference; lastKnownFileType = sourcecode.c.objc; path = main.m; sourceTree = "<group>"; };
		74DEE1FB1CABDAE4003D1073 /* AppDelegate.h */ = {isa = PBXFileReference; lastKnownFileType = sourcecode.c.h; path = AppDelegate.h; sourceTree = "<group>"; };
		74DEE1FC1CABDAE4003D1073 /* AppDelegate.m */ = {isa = PBXFileReference; lastKnownFileType = sourcecode.c.objc; path = AppDelegate.m; sourceTree = "<group>"; };
		74DEE1FE1CABDAE4003D1073 /* ViewController.h */ = {isa = PBXFileReference; lastKnownFileType = sourcecode.c.h; path = ViewController.h; sourceTree = "<group>"; };
		74DEE1FF1CABDAE4003D1073 /* ViewController.m */ = {isa = PBXFileReference; lastKnownFileType = sourcecode.c.objc; path = ViewController.m; sourceTree = "<group>"; };
		74DEE2041CABDAE4003D1073 /* Assets.xcassets */ = {isa = PBXFileReference; lastKnownFileType = folder.assetcatalog; path = Assets.xcassets; sourceTree = "<group>"; };
		74DEE2091CABDAE4003D1073 /* Info.plist */ = {isa = PBXFileReference; lastKnownFileType = text.plist.xml; path = Info.plist; sourceTree = "<group>"; };
		74DEE20E1CABDAE4003D1073 /* TSFrameTests.xctest */ = {isa = PBXFileReference; explicitFileType = wrapper.cfbundle; includeInIndex = 0; path = TSFrameTests.xctest; sourceTree = BUILT_PRODUCTS_DIR; };
		74DEE2121CABDAE4003D1073 /* TSFrameTests.m */ = {isa = PBXFileReference; lastKnownFileType = sourcecode.c.objc; path = TSFrameTests.m; sourceTree = "<group>"; };
		74DEE2141CABDAE4003D1073 /* Info.plist */ = {isa = PBXFileReference; lastKnownFileType = text.plist.xml; path = Info.plist; sourceTree = "<group>"; };
		A2ABAC9993871FA097491DCD /* Pods-TSFrame.release.xcconfig */ = {isa = PBXFileReference; includeInIndex = 1; lastKnownFileType = text.xcconfig; name = "Pods-TSFrame.release.xcconfig"; path = "Pods/Target Support Files/Pods-TSFrame/Pods-TSFrame.release.xcconfig"; sourceTree = "<group>"; };
		A679A2831CAC2388006251FF /* NSArray+TS.h */ = {isa = PBXFileReference; fileEncoding = 4; lastKnownFileType = sourcecode.c.h; path = "NSArray+TS.h"; sourceTree = "<group>"; };
		A679A2841CAC2388006251FF /* NSArray+TS.m */ = {isa = PBXFileReference; fileEncoding = 4; lastKnownFileType = sourcecode.c.objc; path = "NSArray+TS.m"; sourceTree = "<group>"; };
		A679A2851CAC2388006251FF /* NSObject+TS.h */ = {isa = PBXFileReference; fileEncoding = 4; lastKnownFileType = sourcecode.c.h; path = "NSObject+TS.h"; sourceTree = "<group>"; };
		A679A2861CAC2388006251FF /* NSObject+TS.m */ = {isa = PBXFileReference; fileEncoding = 4; lastKnownFileType = sourcecode.c.objc; path = "NSObject+TS.m"; sourceTree = "<group>"; };
		A679A2871CAC2388006251FF /* TSModel.h */ = {isa = PBXFileReference; fileEncoding = 4; lastKnownFileType = sourcecode.c.h; path = TSModel.h; sourceTree = "<group>"; };
		A679A2881CAC2388006251FF /* TSModel.m */ = {isa = PBXFileReference; fileEncoding = 4; lastKnownFileType = sourcecode.c.objc; path = TSModel.m; sourceTree = "<group>"; };
		A679A2891CAC2388006251FF /* TSModelDelegate.h */ = {isa = PBXFileReference; fileEncoding = 4; lastKnownFileType = sourcecode.c.h; path = TSModelDelegate.h; sourceTree = "<group>"; };
		A679A28A1CAC2388006251FF /* TSModelViewController.h */ = {isa = PBXFileReference; fileEncoding = 4; lastKnownFileType = sourcecode.c.h; path = TSModelViewController.h; sourceTree = "<group>"; };
		A679A28B1CAC2388006251FF /* TSModelViewController.m */ = {isa = PBXFileReference; fileEncoding = 4; lastKnownFileType = sourcecode.c.objc; path = TSModelViewController.m; sourceTree = "<group>"; };
		A679A28C1CAC2388006251FF /* TSTableViewController.h */ = {isa = PBXFileReference; fileEncoding = 4; lastKnownFileType = sourcecode.c.h; path = TSTableViewController.h; sourceTree = "<group>"; };
		A679A28D1CAC2388006251FF /* TSTableViewController.m */ = {isa = PBXFileReference; fileEncoding = 4; lastKnownFileType = sourcecode.c.objc; path = TSTableViewController.m; sourceTree = "<group>"; };
		A679A28E1CAC2388006251FF /* TSViewController.h */ = {isa = PBXFileReference; fileEncoding = 4; lastKnownFileType = sourcecode.c.h; path = TSViewController.h; sourceTree = "<group>"; };
		A679A28F1CAC2388006251FF /* TSViewController.m */ = {isa = PBXFileReference; fileEncoding = 4; lastKnownFileType = sourcecode.c.objc; path = TSViewController.m; sourceTree = "<group>"; };
		A679A2961CAC2433006251FF /* TSFrame-Prefix.pch */ = {isa = PBXFileReference; fileEncoding = 4; lastKnownFileType = sourcecode.c.h; path = "TSFrame-Prefix.pch"; sourceTree = "<group>"; };
		EE226983F891B239EA7A106C /* libPods-TSFrame.a */ = {isa = PBXFileReference; explicitFileType = archive.ar; includeInIndex = 0; path = "libPods-TSFrame.a"; sourceTree = BUILT_PRODUCTS_DIR; };
		F25AF2CB261CA5F5B83022FC /* Pods-TSFrame.debug.xcconfig */ = {isa = PBXFileReference; includeInIndex = 1; lastKnownFileType = text.xcconfig; name = "Pods-TSFrame.debug.xcconfig"; path = "Pods/Target Support Files/Pods-TSFrame/Pods-TSFrame.debug.xcconfig"; sourceTree = "<group>"; };
/* End PBXFileReference section */

/* Begin PBXFrameworksBuildPhase section */
		74DEE1F21CABDAE4003D1073 /* Frameworks */ = {
			isa = PBXFrameworksBuildPhase;
			buildActionMask = 2147483647;
			files = (
				87622A305A644A7799D0E438 /* libPods-TSFrame.a in Frameworks */,
			);
			runOnlyForDeploymentPostprocessing = 0;
		};
		74DEE20B1CABDAE4003D1073 /* Frameworks */ = {
			isa = PBXFrameworksBuildPhase;
			buildActionMask = 2147483647;
			files = (
			);
			runOnlyForDeploymentPostprocessing = 0;
		};
/* End PBXFrameworksBuildPhase section */

/* Begin PBXGroup section */
		74DEE1EC1CABDAE4003D1073 = {
			isa = PBXGroup;
			children = (
				74DEE1F71CABDAE4003D1073 /* TSFrame */,
				74DEE2111CABDAE4003D1073 /* TSFrameTests */,
				74DEE1F61CABDAE4003D1073 /* Products */,
				BD35B358B2F1280889816058 /* Pods */,
				B69CBDCFF9BEEA8992BD2C3B /* Frameworks */,
			);
			sourceTree = "<group>";
		};
		74DEE1F61CABDAE4003D1073 /* Products */ = {
			isa = PBXGroup;
			children = (
				74DEE1F51CABDAE4003D1073 /* TSFrame.app */,
				74DEE20E1CABDAE4003D1073 /* TSFrameTests.xctest */,
			);
			name = Products;
			sourceTree = "<group>";
		};
		74DEE1F71CABDAE4003D1073 /* TSFrame */ = {
			isa = PBXGroup;
			children = (
				A679A2821CAC2388006251FF /* TSFrame */,
				74DEE1FB1CABDAE4003D1073 /* AppDelegate.h */,
				74DEE1FC1CABDAE4003D1073 /* AppDelegate.m */,
				74DEE1FE1CABDAE4003D1073 /* ViewController.h */,
				74DEE1FF1CABDAE4003D1073 /* ViewController.m */,
				74DEE2041CABDAE4003D1073 /* Assets.xcassets */,
				74DEE2091CABDAE4003D1073 /* Info.plist */,
				74DEE1F81CABDAE4003D1073 /* Supporting Files */,
			);
			path = TSFrame;
			sourceTree = "<group>";
		};
		74DEE1F81CABDAE4003D1073 /* Supporting Files */ = {
			isa = PBXGroup;
			children = (
				74DEE1F91CABDAE4003D1073 /* main.m */,
			);
			name = "Supporting Files";
			sourceTree = "<group>";
		};
		74DEE2111CABDAE4003D1073 /* TSFrameTests */ = {
			isa = PBXGroup;
			children = (
				74DEE2121CABDAE4003D1073 /* TSFrameTests.m */,
				74DEE2141CABDAE4003D1073 /* Info.plist */,
			);
			path = TSFrameTests;
			sourceTree = "<group>";
		};
		A679A2821CAC2388006251FF /* TSFrame */ = {
			isa = PBXGroup;
			children = (
				A679A2961CAC2433006251FF /* TSFrame-Prefix.pch */,
				A679A2831CAC2388006251FF /* NSArray+TS.h */,
				A679A2841CAC2388006251FF /* NSArray+TS.m */,
				A679A2851CAC2388006251FF /* NSObject+TS.h */,
				A679A2861CAC2388006251FF /* NSObject+TS.m */,
				A679A2871CAC2388006251FF /* TSModel.h */,
				A679A2881CAC2388006251FF /* TSModel.m */,
				A679A2891CAC2388006251FF /* TSModelDelegate.h */,
				A679A28A1CAC2388006251FF /* TSModelViewController.h */,
				A679A28B1CAC2388006251FF /* TSModelViewController.m */,
				A679A28C1CAC2388006251FF /* TSTableViewController.h */,
				A679A28D1CAC2388006251FF /* TSTableViewController.m */,
				A679A28E1CAC2388006251FF /* TSViewController.h */,
				A679A28F1CAC2388006251FF /* TSViewController.m */,
			);
			path = TSFrame;
			sourceTree = "<group>";
		};
		B69CBDCFF9BEEA8992BD2C3B /* Frameworks */ = {
			isa = PBXGroup;
			children = (
				EE226983F891B239EA7A106C /* libPods-TSFrame.a */,
			);
			name = Frameworks;
			sourceTree = "<group>";
		};
		BD35B358B2F1280889816058 /* Pods */ = {
			isa = PBXGroup;
			children = (
				F25AF2CB261CA5F5B83022FC /* Pods-TSFrame.debug.xcconfig */,
				A2ABAC9993871FA097491DCD /* Pods-TSFrame.release.xcconfig */,
			);
			name = Pods;
			sourceTree = "<group>";
		};
/* End PBXGroup section */

/* Begin PBXNativeTarget section */
		74DEE1F41CABDAE4003D1073 /* TSFrame */ = {
			isa = PBXNativeTarget;
			buildConfigurationList = 74DEE2171CABDAE4003D1073 /* Build configuration list for PBXNativeTarget "TSFrame" */;
			buildPhases = (
				FC00B1B325E8C418285473C8 /* Check Pods Manifest.lock */,
				74DEE1F11CABDAE4003D1073 /* Sources */,
				74DEE1F21CABDAE4003D1073 /* Frameworks */,
				74DEE1F31CABDAE4003D1073 /* Resources */,
				82DD2D83527967CCCC674263 /* Embed Pods Frameworks */,
				4441553CD539C5AF15C48B78 /* Copy Pods Resources */,
			);
			buildRules = (
			);
			dependencies = (
			);
			name = TSFrame;
			productName = TSFrame;
			productReference = 74DEE1F51CABDAE4003D1073 /* TSFrame.app */;
			productType = "com.apple.product-type.application";
		};
		74DEE20D1CABDAE4003D1073 /* TSFrameTests */ = {
			isa = PBXNativeTarget;
			buildConfigurationList = 74DEE21A1CABDAE4003D1073 /* Build configuration list for PBXNativeTarget "TSFrameTests" */;
			buildPhases = (
				74DEE20A1CABDAE4003D1073 /* Sources */,
				74DEE20B1CABDAE4003D1073 /* Frameworks */,
				74DEE20C1CABDAE4003D1073 /* Resources */,
			);
			buildRules = (
			);
			dependencies = (
				74DEE2101CABDAE4003D1073 /* PBXTargetDependency */,
			);
			name = TSFrameTests;
			productName = TSFrameTests;
			productReference = 74DEE20E1CABDAE4003D1073 /* TSFrameTests.xctest */;
			productType = "com.apple.product-type.bundle.unit-test";
		};
/* End PBXNativeTarget section */

/* Begin PBXProject section */
		74DEE1ED1CABDAE4003D1073 /* Project object */ = {
			isa = PBXProject;
			attributes = {
				LastUpgradeCheck = 0730;
				ORGANIZATIONNAME = techsen;
				TargetAttributes = {
					74DEE1F41CABDAE4003D1073 = {
						CreatedOnToolsVersion = 7.3;
					};
					74DEE20D1CABDAE4003D1073 = {
						CreatedOnToolsVersion = 7.3;
						TestTargetID = 74DEE1F41CABDAE4003D1073;
					};
				};
			};
			buildConfigurationList = 74DEE1F01CABDAE4003D1073 /* Build configuration list for PBXProject "TSFrame" */;
			compatibilityVersion = "Xcode 3.2";
			developmentRegion = English;
			hasScannedForEncodings = 0;
			knownRegions = (
				en,
				Base,
			);
			mainGroup = 74DEE1EC1CABDAE4003D1073;
			productRefGroup = 74DEE1F61CABDAE4003D1073 /* Products */;
			projectDirPath = "";
			projectRoot = "";
			targets = (
				74DEE1F41CABDAE4003D1073 /* TSFrame */,
				74DEE20D1CABDAE4003D1073 /* TSFrameTests */,
			);
		};
/* End PBXProject section */

/* Begin PBXResourcesBuildPhase section */
		74DEE1F31CABDAE4003D1073 /* Resources */ = {
			isa = PBXResourcesBuildPhase;
			buildActionMask = 2147483647;
			files = (
				74DEE2051CABDAE4003D1073 /* Assets.xcassets in Resources */,
			);
			runOnlyForDeploymentPostprocessing = 0;
		};
		74DEE20C1CABDAE4003D1073 /* Resources */ = {
			isa = PBXResourcesBuildPhase;
			buildActionMask = 2147483647;
			files = (
			);
			runOnlyForDeploymentPostprocessing = 0;
		};
/* End PBXResourcesBuildPhase section */

/* Begin PBXShellScriptBuildPhase section */
		4441553CD539C5AF15C48B78 /* Copy Pods Resources */ = {
			isa = PBXShellScriptBuildPhase;
			buildActionMask = 2147483647;
			files = (
			);
			inputPaths = (
			);
			name = "Copy Pods Resources";
			outputPaths = (
			);
			runOnlyForDeploymentPostprocessing = 0;
			shellPath = /bin/sh;
			shellScript = "\"${SRCROOT}/Pods/Target Support Files/Pods-TSFrame/Pods-TSFrame-resources.sh\"\n";
			showEnvVarsInLog = 0;
		};
		82DD2D83527967CCCC674263 /* Embed Pods Frameworks */ = {
			isa = PBXShellScriptBuildPhase;
			buildActionMask = 2147483647;
			files = (
			);
			inputPaths = (
			);
			name = "Embed Pods Frameworks";
			outputPaths = (
			);
			runOnlyForDeploymentPostprocessing = 0;
			shellPath = /bin/sh;
			shellScript = "\"${SRCROOT}/Pods/Target Support Files/Pods-TSFrame/Pods-TSFrame-frameworks.sh\"\n";
			showEnvVarsInLog = 0;
		};
		FC00B1B325E8C418285473C8 /* Check Pods Manifest.lock */ = {
			isa = PBXShellScriptBuildPhase;
			buildActionMask = 2147483647;
			files = (
			);
			inputPaths = (
			);
			name = "Check Pods Manifest.lock";
			outputPaths = (
			);
			runOnlyForDeploymentPostprocessing = 0;
			shellPath = /bin/sh;
			shellScript = "diff \"${PODS_ROOT}/../Podfile.lock\" \"${PODS_ROOT}/Manifest.lock\" > /dev/null\nif [[ $? != 0 ]] ; then\n    cat << EOM\nerror: The sandbox is not in sync with the Podfile.lock. Run 'pod install' or update your CocoaPods installation.\nEOM\n    exit 1\nfi\n";
			showEnvVarsInLog = 0;
		};
/* End PBXShellScriptBuildPhase section */

/* Begin PBXSourcesBuildPhase section */
		74DEE1F11CABDAE4003D1073 /* Sources */ = {
			isa = PBXSourcesBuildPhase;
			buildActionMask = 2147483647;
			files = (
				A679A2941CAC2388006251FF /* TSTableViewController.m in Sources */,
				74DEE2001CABDAE4003D1073 /* ViewController.m in Sources */,
				A679A2951CAC2388006251FF /* TSViewController.m in Sources */,
				A679A2911CAC2388006251FF /* NSObject+TS.m in Sources */,
				A679A2901CAC2388006251FF /* NSArray+TS.m in Sources */,
				74DEE1FD1CABDAE4003D1073 /* AppDelegate.m in Sources */,
				A679A2921CAC2388006251FF /* TSModel.m in Sources */,
				74DEE1FA1CABDAE4003D1073 /* main.m in Sources */,
				A679A2931CAC2388006251FF /* TSModelViewController.m in Sources */,
			);
			runOnlyForDeploymentPostprocessing = 0;
		};
		74DEE20A1CABDAE4003D1073 /* Sources */ = {
			isa = PBXSourcesBuildPhase;
			buildActionMask = 2147483647;
			files = (
				74DEE2131CABDAE4003D1073 /* TSFrameTests.m in Sources */,
			);
			runOnlyForDeploymentPostprocessing = 0;
		};
/* End PBXSourcesBuildPhase section */

/* Begin PBXTargetDependency section */
		74DEE2101CABDAE4003D1073 /* PBXTargetDependency */ = {
			isa = PBXTargetDependency;
			target = 74DEE1F41CABDAE4003D1073 /* TSFrame */;
			targetProxy = 74DEE20F1CABDAE4003D1073 /* PBXContainerItemProxy */;
		};
/* End PBXTargetDependency section */

/* Begin XCBuildConfiguration section */
		74DEE2151CABDAE4003D1073 /* Debug */ = {
			isa = XCBuildConfiguration;
			buildSettings = {
				ALWAYS_SEARCH_USER_PATHS = NO;
				CLANG_ANALYZER_NONNULL = YES;
				CLANG_CXX_LANGUAGE_STANDARD = "gnu++0x";
				CLANG_CXX_LIBRARY = "libc++";
				CLANG_ENABLE_MODULES = YES;
				CLANG_ENABLE_OBJC_ARC = YES;
				CLANG_WARN_BOOL_CONVERSION = YES;
				CLANG_WARN_CONSTANT_CONVERSION = YES;
				CLANG_WARN_DIRECT_OBJC_ISA_USAGE = YES_ERROR;
				CLANG_WARN_EMPTY_BODY = YES;
				CLANG_WARN_ENUM_CONVERSION = YES;
				CLANG_WARN_INT_CONVERSION = YES;
				CLANG_WARN_OBJC_ROOT_CLASS = YES_ERROR;
				CLANG_WARN_UNREACHABLE_CODE = YES;
				CLANG_WARN__DUPLICATE_METHOD_MATCH = YES;
				"CODE_SIGN_IDENTITY[sdk=iphoneos*]" = "iPhone Developer";
				COPY_PHASE_STRIP = NO;
				DEBUG_INFORMATION_FORMAT = dwarf;
				ENABLE_STRICT_OBJC_MSGSEND = YES;
				ENABLE_TESTABILITY = YES;
				GCC_C_LANGUAGE_STANDARD = gnu99;
				GCC_DYNAMIC_NO_PIC = NO;
				GCC_NO_COMMON_BLOCKS = YES;
				GCC_OPTIMIZATION_LEVEL = 0;
				GCC_PREPROCESSOR_DEFINITIONS = (
					"DEBUG=1",
					"$(inherited)",
				);
				GCC_WARN_64_TO_32_BIT_CONVERSION = YES;
				GCC_WARN_ABOUT_RETURN_TYPE = YES_ERROR;
				GCC_WARN_UNDECLARED_SELECTOR = YES;
				GCC_WARN_UNINITIALIZED_AUTOS = YES_AGGRESSIVE;
				GCC_WARN_UNUSED_FUNCTION = YES;
				GCC_WARN_UNUSED_VARIABLE = YES;
				IPHONEOS_DEPLOYMENT_TARGET = 9.3;
				MTL_ENABLE_DEBUG_INFO = YES;
				ONLY_ACTIVE_ARCH = YES;
				SDKROOT = iphoneos;
			};
			name = Debug;
		};
		74DEE2161CABDAE4003D1073 /* Release */ = {
			isa = XCBuildConfiguration;
			buildSettings = {
				ALWAYS_SEARCH_USER_PATHS = NO;
				CLANG_ANALYZER_NONNULL = YES;
				CLANG_CXX_LANGUAGE_STANDARD = "gnu++0x";
				CLANG_CXX_LIBRARY = "libc++";
				CLANG_ENABLE_MODULES = YES;
				CLANG_ENABLE_OBJC_ARC = YES;
				CLANG_WARN_BOOL_CONVERSION = YES;
				CLANG_WARN_CONSTANT_CONVERSION = YES;
				CLANG_WARN_DIRECT_OBJC_ISA_USAGE = YES_ERROR;
				CLANG_WARN_EMPTY_BODY = YES;
				CLANG_WARN_ENUM_CONVERSION = YES;
				CLANG_WARN_INT_CONVERSION = YES;
				CLANG_WARN_OBJC_ROOT_CLASS = YES_ERROR;
				CLANG_WARN_UNREACHABLE_CODE = YES;
				CLANG_WARN__DUPLICATE_METHOD_MATCH = YES;
				"CODE_SIGN_IDENTITY[sdk=iphoneos*]" = "iPhone Developer";
				COPY_PHASE_STRIP = NO;
				DEBUG_INFORMATION_FORMAT = "dwarf-with-dsym";
				ENABLE_NS_ASSERTIONS = NO;
				ENABLE_STRICT_OBJC_MSGSEND = YES;
				GCC_C_LANGUAGE_STANDARD = gnu99;
				GCC_NO_COMMON_BLOCKS = YES;
				GCC_WARN_64_TO_32_BIT_CONVERSION = YES;
				GCC_WARN_ABOUT_RETURN_TYPE = YES_ERROR;
				GCC_WARN_UNDECLARED_SELECTOR = YES;
				GCC_WARN_UNINITIALIZED_AUTOS = YES_AGGRESSIVE;
				GCC_WARN_UNUSED_FUNCTION = YES;
				GCC_WARN_UNUSED_VARIABLE = YES;
				IPHONEOS_DEPLOYMENT_TARGET = 9.3;
				MTL_ENABLE_DEBUG_INFO = NO;
				SDKROOT = iphoneos;
				VALIDATE_PRODUCT = YES;
			};
			name = Release;
		};
		74DEE2181CABDAE4003D1073 /* Debug */ = {
			isa = XCBuildConfiguration;
			baseConfigurationReference = F25AF2CB261CA5F5B83022FC /* Pods-TSFrame.debug.xcconfig */;
			buildSettings = {
				ASSETCATALOG_COMPILER_APPICON_NAME = AppIcon;
				GCC_PREFIX_HEADER = "$(SRCROOT)/TSFrame/TSFrame/TSFrame-Prefix.pch";
				INFOPLIST_FILE = TSFrame/Info.plist;
				LD_RUNPATH_SEARCH_PATHS = "$(inherited) @executable_path/Frameworks";
				PRODUCT_BUNDLE_IDENTIFIER = com.itechsen.TSFrame;
				PRODUCT_NAME = "$(TARGET_NAME)";
			};
			name = Debug;
		};
		74DEE2191CABDAE4003D1073 /* Release */ = {
			isa = XCBuildConfiguration;
			baseConfigurationReference = A2ABAC9993871FA097491DCD /* Pods-TSFrame.release.xcconfig */;
			buildSettings = {
				ASSETCATALOG_COMPILER_APPICON_NAME = AppIcon;
				GCC_PREFIX_HEADER = "$(SRCROOT)/TSFrame/TSFrame/TSFrame-Prefix.pch";
				INFOPLIST_FILE = TSFrame/Info.plist;
				LD_RUNPATH_SEARCH_PATHS = "$(inherited) @executable_path/Frameworks";
				PRODUCT_BUNDLE_IDENTIFIER = com.itechsen.TSFrame;
				PRODUCT_NAME = "$(TARGET_NAME)";
			};
			name = Release;
		};
		74DEE21B1CABDAE4003D1073 /* Debug */ = {
			isa = XCBuildConfiguration;
			buildSettings = {
				BUNDLE_LOADER = "$(TEST_HOST)";
				INFOPLIST_FILE = TSFrameTests/Info.plist;
				LD_RUNPATH_SEARCH_PATHS = "$(inherited) @executable_path/Frameworks @loader_path/Frameworks";
				PRODUCT_BUNDLE_IDENTIFIER = com.itechsen.TSFrameTests;
				PRODUCT_NAME = "$(TARGET_NAME)";
				TEST_HOST = "$(BUILT_PRODUCTS_DIR)/TSFrame.app/TSFrame";
			};
			name = Debug;
		};
		74DEE21C1CABDAE4003D1073 /* Release */ = {
			isa = XCBuildConfiguration;
			buildSettings = {
				BUNDLE_LOADER = "$(TEST_HOST)";
				INFOPLIST_FILE = TSFrameTests/Info.plist;
				LD_RUNPATH_SEARCH_PATHS = "$(inherited) @executable_path/Frameworks @loader_path/Frameworks";
				PRODUCT_BUNDLE_IDENTIFIER = com.itechsen.TSFrameTests;
				PRODUCT_NAME = "$(TARGET_NAME)";
				TEST_HOST = "$(BUILT_PRODUCTS_DIR)/TSFrame.app/TSFrame";
			};
			name = Release;
		};
/* End XCBuildConfiguration section */

/* Begin XCConfigurationList section */
		74DEE1F01CABDAE4003D1073 /* Build configuration list for PBXProject "TSFrame" */ = {
			isa = XCConfigurationList;
			buildConfigurations = (
				74DEE2151CABDAE4003D1073 /* Debug */,
				74DEE2161CABDAE4003D1073 /* Release */,
			);
			defaultConfigurationIsVisible = 0;
			defaultConfigurationName = Release;
		};
		74DEE2171CABDAE4003D1073 /* Build configuration list for PBXNativeTarget "TSFrame" */ = {
			isa = XCConfigurationList;
			buildConfigurations = (
				74DEE2181CABDAE4003D1073 /* Debug */,
				74DEE2191CABDAE4003D1073 /* Release */,
			);
			defaultConfigurationIsVisible = 0;
			defaultConfigurationName = Release;
		};
		74DEE21A1CABDAE4003D1073 /* Build configuration list for PBXNativeTarget "TSFrameTests" */ = {
			isa = XCConfigurationList;
			buildConfigurations = (
				74DEE21B1CABDAE4003D1073 /* Debug */,
				74DEE21C1CABDAE4003D1073 /* Release */,
			);
			defaultConfigurationIsVisible = 0;
			defaultConfigurationName = Release;
		};
/* End XCConfigurationList section */
	};
	rootObject = 74DEE1ED1CABDAE4003D1073 /* Project object */;
}
